// !$*UTF8*$!
{
	archiveVersion = 1;
	classes = {
	};
	objectVersion = 46;
	objects = {

/* Begin PBXBuildFile section */
		D78467421C6EC5E9007116C8 /* AppDelegate.swift in Sources */ = {isa = PBXBuildFile; fileRef = D78467411C6EC5E9007116C8 /* AppDelegate.swift */; };
		D78467441C6EC5E9007116C8 /* GameScene.swift in Sources */ = {isa = PBXBuildFile; fileRef = D78467431C6EC5E9007116C8 /* GameScene.swift */; };
		D78467461C6EC5E9007116C8 /* GameScene.sks in Resources */ = {isa = PBXBuildFile; fileRef = D78467451C6EC5E9007116C8 /* GameScene.sks */; };
		D78467481C6EC5E9007116C8 /* Assets.xcassets in Resources */ = {isa = PBXBuildFile; fileRef = D78467471C6EC5E9007116C8 /* Assets.xcassets */; };
		D784674B1C6EC5E9007116C8 /* MainMenu.xib in Resources */ = {isa = PBXBuildFile; fileRef = D78467491C6EC5E9007116C8 /* MainMenu.xib */; };
/* End PBXBuildFile section */

/* Begin PBXFileReference section */
		D784673E1C6EC5E9007116C8 /* AirportJam.app */ = {isa = PBXFileReference; explicitFileType = wrapper.application; includeInIndex = 0; path = AirportJam.app; sourceTree = BUILT_PRODUCTS_DIR; };
		D78467411C6EC5E9007116C8 /* AppDelegate.swift */ = {isa = PBXFileReference; lastKnownFileType = sourcecode.swift; path = AppDelegate.swift; sourceTree = "<group>"; };
		D78467431C6EC5E9007116C8 /* GameScene.swift */ = {isa = PBXFileReference; lastKnownFileType = sourcecode.swift; path = GameScene.swift; sourceTree = "<group>"; };
		D78467451C6EC5E9007116C8 /* GameScene.sks */ = {isa = PBXFileReference; lastKnownFileType = file.sks; path = GameScene.sks; sourceTree = "<group>"; };
		D78467471C6EC5E9007116C8 /* Assets.xcassets */ = {isa = PBXFileReference; lastKnownFileType = folder.assetcatalog; path = Assets.xcassets; sourceTree = "<group>"; };
		D784674A1C6EC5E9007116C8 /* Base */ = {isa = PBXFileReference; lastKnownFileType = file.xib; name = Base; path = Base.lproj/MainMenu.xib; sourceTree = "<group>"; };
		D784674C1C6EC5E9007116C8 /* Info.plist */ = {isa = PBXFileReference; lastKnownFileType = text.plist.xml; path = Info.plist; sourceTree = "<group>"; };
/* End PBXFileReference section */

/* Begin PBXFrameworksBuildPhase section */
		D784673B1C6EC5E9007116C8 /* Frameworks */ = {
			isa = PBXFrameworksBuildPhase;
			buildActionMask = 2147483647;
			files = (
			);
			runOnlyForDeploymentPostprocessing = 0;
		};
/* End PBXFrameworksBuildPhase section */

/* Begin PBXGroup section */
		D78467351C6EC5E9007116C8 = {
			isa = PBXGroup;
			children = (
				D78467401C6EC5E9007116C8 /* AirportJam */,
				D784673F1C6EC5E9007116C8 /* Products */,
			);
			sourceTree = "<group>";
		};
		D784673F1C6EC5E9007116C8 /* Products */ = {
			isa = PBXGroup;
			children = (
				D784673E1C6EC5E9007116C8 /* AirportJam.app */,
			);
			name = Products;
			sourceTree = "<group>";
		};
		D78467401C6EC5E9007116C8 /* AirportJam */ = {
			isa = PBXGroup;
			children = (
				D78467411C6EC5E9007116C8 /* AppDelegate.swift */,
				D78467431C6EC5E9007116C8 /* GameScene.swift */,
				D78467451C6EC5E9007116C8 /* GameScene.sks */,
				D78467471C6EC5E9007116C8 /* Assets.xcassets */,
				D78467491C6EC5E9007116C8 /* MainMenu.xib */,
				D784674C1C6EC5E9007116C8 /* Info.plist */,
			);
			path = AirportJam;
			sourceTree = "<group>";
		};
/* End PBXGroup section */

/* Begin PBXNativeTarget section */
		D784673D1C6EC5E9007116C8 /* AirportJam */ = {
			isa = PBXNativeTarget;
			buildConfigurationList = D784674F1C6EC5E9007116C8 /* Build configuration list for PBXNativeTarget "AirportJam" */;
			buildPhases = (
				D784673A1C6EC5E9007116C8 /* Sources */,
				D784673B1C6EC5E9007116C8 /* Frameworks */,
				D784673C1C6EC5E9007116C8 /* Resources */,
			);
			buildRules = (
			);
			dependencies = (
			);
			name = AirportJam;
			productName = AirportJam;
			productReference = D784673E1C6EC5E9007116C8 /* AirportJam.app */;
			productType = "com.apple.product-type.application";
		};
/* End PBXNativeTarget section */

/* Begin PBXProject section */
		D78467361C6EC5E9007116C8 /* Project object */ = {
			isa = PBXProject;
			attributes = {
				LastSwiftUpdateCheck = 0720;
				LastUpgradeCheck = 0720;
				ORGANIZATIONNAME = STVR;
				TargetAttributes = {
					D784673D1C6EC5E9007116C8 = {
						CreatedOnToolsVersion = 7.2.1;
					};
				};
			};
			buildConfigurationList = D78467391C6EC5E9007116C8 /* Build configuration list for PBXProject "AirportJam" */;
			compatibilityVersion = "Xcode 3.2";
			developmentRegion = English;
			hasScannedForEncodings = 0;
			knownRegions = (
				en,
				Base,
			);
			mainGroup = D78467351C6EC5E9007116C8;
			productRefGroup = D784673F1C6EC5E9007116C8 /* Products */;
			projectDirPath = "";
			projectRoot = "";
			targets = (
				D784673D1C6EC5E9007116C8 /* AirportJam */,
			);
		};
/* End PBXProject section */

/* Begin PBXResourcesBuildPhase section */
		D784673C1C6EC5E9007116C8 /* Resources */ = {
			isa = PBXResourcesBuildPhase;
			buildActionMask = 2147483647;
			files = (
				D78467481C6EC5E9007116C8 /* Assets.xcassets in Resources */,
				D78467461C6EC5E9007116C8 /* GameScene.sks in Resources */,
				D784674B1C6EC5E9007116C8 /* MainMenu.xib in Resources */,
			);
			runOnlyForDeploymentPostprocessing = 0;
		};
/* End PBXResourcesBuildPhase section */

/* Begin PBXSourcesBuildPhase section */
		D784673A1C6EC5E9007116C8 /* Sources */ = {
			isa = PBXSourcesBuildPhase;
			buildActionMask = 2147483647;
			files = (
				D78467441C6EC5E9007116C8 /* GameScene.swift in Sources */,
				D78467421C6EC5E9007116C8 /* AppDelegate.swift in Sources */,
			);
			runOnlyForDeploymentPostprocessing = 0;
		};
/* End PBXSourcesBuildPhase section */

/* Begin PBXVariantGroup section */
		D78467491C6EC5E9007116C8 /* MainMenu.xib */ = {
			isa = PBXVariantGroup;
			children = (
				D784674A1C6EC5E9007116C8 /* Base */,
			);
			name = MainMenu.xib;
			sourceTree = "<group>";
		};
/* End PBXVariantGroup section */

/* Begin XCBuildConfiguration section */
		D784674D1C6EC5E9007116C8 /* Debug */ = {
			isa = XCBuildConfiguration;
			buildSettings = {
				ALWAYS_SEARCH_USER_PATHS = NO;
				CLANG_CXX_LANGUAGE_STANDARD = "gnu++0x";
				CLANG_CXX_LIBRARY = "libc++";
				CLANG_ENABLE_MODULES = YES;
				CLANG_ENABLE_OBJC_ARC = YES;
				CLANG_WARN_BOOL_CONVERSION = YES;
				CLANG_WARN_CONSTANT_CONVERSION = YES;
				CLANG_WARN_DIRECT_OBJC_ISA_USAGE = YES_ERROR;
				CLANG_WARN_EMPTY_BODY = YES;
				CLANG_WARN_ENUM_CONVERSION = YES;
				CLANG_WARN_INT_CONVERSION = YES;
				CLANG_WARN_OBJC_ROOT_CLASS = YES_ERROR;
				CLANG_WARN_UNREACHABLE_CODE = YES;
				CLANG_WARN__DUPLICATE_METHOD_MATCH = YES;
				CODE_SIGN_IDENTITY = "-";
				COPY_PHASE_STRIP = NO;
				DEBUG_INFORMATION_FORMAT = "dwarf-with-dsym";
				ENABLE_STRICT_OBJC_MSGSEND = YES;
				ENABLE_TESTABILITY = YES;
				GCC_C_LANGUAGE_STANDARD = gnu99;
				GCC_DYNAMIC_NO_PIC = NO;
				GCC_NO_COMMON_BLOCKS = YES;
				GCC_OPTIMIZATION_LEVEL = 0;
				GCC_PREPROCESSOR_DEFINITIONS = (
					"DEBUG=1",
					"$(inherited)",
				);
				GCC_WARN_64_TO_32_BIT_CONVERSION = YES;
				GCC_WARN_ABOUT_RETURN_TYPE = YES_ERROR;
				GCC_WARN_UNDECLARED_SELECTOR = YES;
				GCC_WARN_UNINITIALIZED_AUTOS = YES_AGGRESSIVE;
				GCC_WARN_UNUSED_FUNCTION = YES;
				GCC_WARN_UNUSED_VARIABLE = YES;
				MACOSX_DEPLOYMENT_TARGET = 10.11;
				MTL_ENABLE_DEBUG_INFO = YES;
				ONLY_ACTIVE_ARCH = YES;
				SDKROOT = macosx;
				SWIFT_OPTIMIZATION_LEVEL = "-Onone";
			};
			name = Debug;
		};
		D784674E1C6EC5E9007116C8 /* Release */ = {
			isa = XCBuildConfiguration;
			buildSettings = {
				ALWAYS_SEARCH_USER_PATHS = NO;
				CLANG_CXX_LANGUAGE_STANDARD = "gnu++0x";
				CLANG_CXX_LIBRARY = "libc++";
				CLANG_ENABLE_MODULES = YES;
				CLANG_ENABLE_OBJC_ARC = YES;
				CLANG_WARN_BOOL_CONVERSION = YES;
				CLANG_WARN_CONSTANT_CONVERSION = YES;
				CLANG_WARN_DIRECT_OBJC_ISA_USAGE = YES_ERROR;
				CLANG_WARN_EMPTY_BODY = YES;
				CLANG_WARN_ENUM_CONVERSION = YES;
				CLANG_WARN_INT_CONVERSION = YES;
				CLANG_WARN_OBJC_ROOT_CLASS = YES_ERROR;
				CLANG_WARN_UNREACHABLE_CODE = YES;
				CLANG_WARN__DUPLICATE_METHOD_MATCH = YES;
				CODE_SIGN_IDENTITY = "-";
				COPY_PHASE_STRIP = NO;
				DEBUG_INFORMATION_FORMAT = "dwarf-with-dsym";
				ENABLE_NS_ASSERTIONS = NO;
				ENABLE_STRICT_OBJC_MSGSEND = YES;
				GCC_C_LANGUAGE_STANDARD = gnu99;
				GCC_NO_COMMON_BLOCKS = YES;
				GCC_WARN_64_TO_32_BIT_CONVERSION = YES;
				GCC_WARN_ABOUT_RETURN_TYPE = YES_ERROR;
				GCC_WARN_UNDECLARED_SELECTOR = YES;
				GCC_WARN_UNINITIALIZED_AUTOS = YES_AGGRESSIVE;
				GCC_WARN_UNUSED_FUNCTION = YES;
				GCC_WARN_UNUSED_VARIABLE = YES;
				MACOSX_DEPLOYMENT_TARGET = 10.11;
				MTL_ENABLE_DEBUG_INFO = NO;
				SDKROOT = macosx;
			};
			name = Release;
		};
		D78467501C6EC5E9007116C8 /* Debug */ = {
			isa = XCBuildConfiguration;
			buildSettings = {
				ASSETCATALOG_COMPILER_APPICON_NAME = AppIcon;
				COMBINE_HIDPI_IMAGES = YES;
				INFOPLIST_FILE = AirportJam/Info.plist;
				LD_RUNPATH_SEARCH_PATHS = "$(inherited) @executable_path/../Frameworks";
				PRODUCT_BUNDLE_IDENTIFIER = com.steverichey.AirportJam;
				PRODUCT_NAME = "$(TARGET_NAME)";
			};
			name = Debug;
		};
		D78467511C6EC5E9007116C8 /* Release */ = {
			isa = XCBuildConfiguration;
			buildSettings = {
				ASSETCATALOG_COMPILER_APPICON_NAME = AppIcon;
				COMBINE_HIDPI_IMAGES = YES;
				INFOPLIST_FILE = AirportJam/Info.plist;
				LD_RUNPATH_SEARCH_PATHS = "$(inherited) @executable_path/../Frameworks";
				PRODUCT_BUNDLE_IDENTIFIER = com.steverichey.AirportJam;
				PRODUCT_NAME = "$(TARGET_NAME)";
			};
			name = Release;
		};
/* End XCBuildConfiguration section */

/* Begin XCConfigurationList section */
		D78467391C6EC5E9007116C8 /* Build configuration list for PBXProject "AirportJam" */ = {
			isa = XCConfigurationList;
			buildConfigurations = (
				D784674D1C6EC5E9007116C8 /* Debug */,
				D784674E1C6EC5E9007116C8 /* Release */,
			);
			defaultConfigurationIsVisible = 0;
			defaultConfigurationName = Release;
		};
		D784674F1C6EC5E9007116C8 /* Build configuration list for PBXNativeTarget "AirportJam" */ = {
			isa = XCConfigurationList;
			buildConfigurations = (
				D78467501C6EC5E9007116C8 /* Debug */,
				D78467511C6EC5E9007116C8 /* Release */,
			);
			defaultConfigurationIsVisible = 0;
		};
/* End XCConfigurationList section */
	};
	rootObject = D78467361C6EC5E9007116C8 /* Project object */;
}
